{
  "name": "nbb-lambda-adapter",
  "version": "0.0.1",
  "lockfileVersion": 2,
  "requires": true,
  "packages": {
    "": {
      "name": "nbb-lambda-adapter",
      "version": "0.0.1",
      "license": "MIT",
      "dependencies": {
        "nbb": "^0.0.107"
      }
    },
    "node_modules/nbb": {
      "version": "0.0.107",
      "resolved": "https://registry.npmjs.org/nbb/-/nbb-0.0.107.tgz",
      "integrity": "sha512-ePHnxrdqr5KjlAqDP1B/8Cnq/yLksYq17a+8oBXVIOv2MQWE4ySA0HZ+PQky1W4ZnNNrxlrFkBG2VveC8SW4Pg==",
      "bin": {
        "nbb": "out/nbb_main.js"
      }
    }
  },
  "dependencies": {
    "nbb": {
      "version": "0.0.107",
      "resolved": "https://registry.npmjs.org/nbb/-/nbb-0.0.107.tgz",
      "integrity": "sha512-ePHnxrdqr5KjlAqDP1B/8Cnq/yLksYq17a+8oBXVIOv2MQWE4ySA0HZ+PQky1W4ZnNNrxlrFkBG2VveC8SW4Pg=="
    }
  }
}
